// !$*UTF8*$!
{
	archiveVersion = 1;
	classes = {
	};
	objectVersion = 56;
	objects = {

/* Begin PBXBuildFile section */
		19191BF82BF6A52000494E0B /* NotesViewController.swift in Sources */ = {isa = PBXBuildFile; fileRef = 19191BF72BF6A52000494E0B /* NotesViewController.swift */; };
		199B80062BF3D3EE00C2B756 /* AppDelegate.swift in Sources */ = {isa = PBXBuildFile; fileRef = 199B80052BF3D3EE00C2B756 /* AppDelegate.swift */; };
		199B80082BF3D3EE00C2B756 /* SceneDelegate.swift in Sources */ = {isa = PBXBuildFile; fileRef = 199B80072BF3D3EE00C2B756 /* SceneDelegate.swift */; };
		199B800A2BF3D3EE00C2B756 /* ViewController.swift in Sources */ = {isa = PBXBuildFile; fileRef = 199B80092BF3D3EE00C2B756 /* ViewController.swift */; };
		199B80102BF3D3EE00C2B756 /* MC05.xcdatamodeld in Sources */ = {isa = PBXBuildFile; fileRef = 199B800E2BF3D3EE00C2B756 /* MC05.xcdatamodeld */; };
		199B80122BF3D3F000C2B756 /* Assets.xcassets in Resources */ = {isa = PBXBuildFile; fileRef = 199B80112BF3D3F000C2B756 /* Assets.xcassets */; };
		199B80152BF3D3F000C2B756 /* Base in Resources */ = {isa = PBXBuildFile; fileRef = 199B80142BF3D3F000C2B756 /* Base */; };
		199B80292BF525F800C2B756 /* Note+CoreDataClass.swift in Sources */ = {isa = PBXBuildFile; fileRef = 199B80272BF525F800C2B756 /* Note+CoreDataClass.swift */; };
		199B80382BF544B000C2B756 /* MADEAwelierPERSONALUSE-Bold.otf in Resources */ = {isa = PBXBuildFile; fileRef = 199B80322BF544B000C2B756 /* MADEAwelierPERSONALUSE-Bold.otf */; };
		199B803A2BF544B000C2B756 /* MADEAwelierPERSONALUSE-Medium.otf in Resources */ = {isa = PBXBuildFile; fileRef = 199B80342BF544B000C2B756 /* MADEAwelierPERSONALUSE-Medium.otf */; };
		199B803B2BF544B000C2B756 /* MADEAwelierPERSONALUSE-Regular.otf in Resources */ = {isa = PBXBuildFile; fileRef = 199B80352BF544B000C2B756 /* MADEAwelierPERSONALUSE-Regular.otf */; };
		19C0EFF72BF7C55600B8A92B /* NoteCollectionViewCell.swift in Sources */ = {isa = PBXBuildFile; fileRef = 19C0EFF62BF7C55600B8A92B /* NoteCollectionViewCell.swift */; };
		19C0EFFC2BF7CC8D00B8A92B /* CapsuleFilterButton.swift in Sources */ = {isa = PBXBuildFile; fileRef = 19C0EFFB2BF7CC8D00B8A92B /* CapsuleFilterButton.swift */; };
		19C0EFFF2BF7D1C600B8A92B /* CircleFilterButton.swift in Sources */ = {isa = PBXBuildFile; fileRef = 19C0EFFE2BF7D1C600B8A92B /* CircleFilterButton.swift */; };
		19C0F0032BFD0B0700B8A92B /* NoteCollectionViewDelegate.swift in Sources */ = {isa = PBXBuildFile; fileRef = 19C0F0022BFD0B0700B8A92B /* NoteCollectionViewDelegate.swift */; };
		19C0F0052BFD0B8E00B8A92B /* NoteCollectionViewDataSource.swift in Sources */ = {isa = PBXBuildFile; fileRef = 19C0F0042BFD0B8E00B8A92B /* NoteCollectionViewDataSource.swift */; };
/* End PBXBuildFile section */

/* Begin PBXFileReference section */
		19191BF72BF6A52000494E0B /* NotesViewController.swift */ = {isa = PBXFileReference; lastKnownFileType = sourcecode.swift; path = NotesViewController.swift; sourceTree = "<group>"; };
		199B80022BF3D3EE00C2B756 /* MC05.app */ = {isa = PBXFileReference; explicitFileType = wrapper.application; includeInIndex = 0; path = MC05.app; sourceTree = BUILT_PRODUCTS_DIR; };
		199B80052BF3D3EE00C2B756 /* AppDelegate.swift */ = {isa = PBXFileReference; lastKnownFileType = sourcecode.swift; path = AppDelegate.swift; sourceTree = "<group>"; };
		199B80072BF3D3EE00C2B756 /* SceneDelegate.swift */ = {isa = PBXFileReference; lastKnownFileType = sourcecode.swift; path = SceneDelegate.swift; sourceTree = "<group>"; };
		199B80092BF3D3EE00C2B756 /* ViewController.swift */ = {isa = PBXFileReference; lastKnownFileType = sourcecode.swift; path = ViewController.swift; sourceTree = "<group>"; };
		199B800F2BF3D3EE00C2B756 /* MC05.xcdatamodel */ = {isa = PBXFileReference; lastKnownFileType = wrapper.xcdatamodel; path = MC05.xcdatamodel; sourceTree = "<group>"; };
		199B80112BF3D3F000C2B756 /* Assets.xcassets */ = {isa = PBXFileReference; lastKnownFileType = folder.assetcatalog; path = Assets.xcassets; sourceTree = "<group>"; };
		199B80142BF3D3F000C2B756 /* Base */ = {isa = PBXFileReference; lastKnownFileType = file.storyboard; name = Base; path = Base.lproj/LaunchScreen.storyboard; sourceTree = "<group>"; };
		199B80162BF3D3F000C2B756 /* Info.plist */ = {isa = PBXFileReference; lastKnownFileType = text.plist.xml; path = Info.plist; sourceTree = "<group>"; };
		199B80272BF525F800C2B756 /* Note+CoreDataClass.swift */ = {isa = PBXFileReference; lastKnownFileType = sourcecode.swift; path = "Note+CoreDataClass.swift"; sourceTree = "<group>"; };
		199B80322BF544B000C2B756 /* MADEAwelierPERSONALUSE-Bold.otf */ = {isa = PBXFileReference; lastKnownFileType = file; path = "MADEAwelierPERSONALUSE-Bold.otf"; sourceTree = "<group>"; };
		199B80342BF544B000C2B756 /* MADEAwelierPERSONALUSE-Medium.otf */ = {isa = PBXFileReference; lastKnownFileType = file; path = "MADEAwelierPERSONALUSE-Medium.otf"; sourceTree = "<group>"; };
		199B80352BF544B000C2B756 /* MADEAwelierPERSONALUSE-Regular.otf */ = {isa = PBXFileReference; lastKnownFileType = file; path = "MADEAwelierPERSONALUSE-Regular.otf"; sourceTree = "<group>"; };
		19C0EFF62BF7C55600B8A92B /* NoteCollectionViewCell.swift */ = {isa = PBXFileReference; lastKnownFileType = sourcecode.swift; path = NoteCollectionViewCell.swift; sourceTree = "<group>"; };
		19C0EFFB2BF7CC8D00B8A92B /* CapsuleFilterButton.swift */ = {isa = PBXFileReference; lastKnownFileType = sourcecode.swift; path = CapsuleFilterButton.swift; sourceTree = "<group>"; };
		19C0EFFE2BF7D1C600B8A92B /* CircleFilterButton.swift */ = {isa = PBXFileReference; lastKnownFileType = sourcecode.swift; path = CircleFilterButton.swift; sourceTree = "<group>"; };
		19C0F0022BFD0B0700B8A92B /* NoteCollectionViewDelegate.swift */ = {isa = PBXFileReference; lastKnownFileType = sourcecode.swift; path = NoteCollectionViewDelegate.swift; sourceTree = "<group>"; };
		19C0F0042BFD0B8E00B8A92B /* NoteCollectionViewDataSource.swift */ = {isa = PBXFileReference; lastKnownFileType = sourcecode.swift; path = NoteCollectionViewDataSource.swift; sourceTree = "<group>"; };
/* End PBXFileReference section */

/* Begin PBXFrameworksBuildPhase section */
		199B7FFF2BF3D3EE00C2B756 /* Frameworks */ = {
			isa = PBXFrameworksBuildPhase;
			buildActionMask = 2147483647;
			files = (
			);
			runOnlyForDeploymentPostprocessing = 0;
		};
/* End PBXFrameworksBuildPhase section */

/* Begin PBXGroup section */
		199B7FF92BF3D3EE00C2B756 = {
			isa = PBXGroup;
			children = (
				199B80042BF3D3EE00C2B756 /* MC05 */,
				199B80032BF3D3EE00C2B756 /* Products */,
			);
			sourceTree = "<group>";
		};
		199B80032BF3D3EE00C2B756 /* Products */ = {
			isa = PBXGroup;
			children = (
				199B80022BF3D3EE00C2B756 /* MC05.app */,
			);
			name = Products;
			sourceTree = "<group>";
		};
		199B80042BF3D3EE00C2B756 /* MC05 */ = {
			isa = PBXGroup;
			children = (
				199B802B2BF525FE00C2B756 /* Model */,
				199B80052BF3D3EE00C2B756 /* AppDelegate.swift */,
				199B80072BF3D3EE00C2B756 /* SceneDelegate.swift */,
				199B80092BF3D3EE00C2B756 /* ViewController.swift */,
				19191BF72BF6A52000494E0B /* NotesViewController.swift */,
				19C0EFF42BF7C4E300B8A92B /* CollectionView */,
				19C0EFFD2BF7CC9500B8A92B /* Custom */,
				19C0EFFA2BF7C7DF00B8A92B /* Support */,
				199B80162BF3D3F000C2B756 /* Info.plist */,
				199B800E2BF3D3EE00C2B756 /* MC05.xcdatamodeld */,
			);
			path = MC05;
			sourceTree = "<group>";
		};
		199B802B2BF525FE00C2B756 /* Model */ = {
			isa = PBXGroup;
			children = (
				199B80272BF525F800C2B756 /* Note+CoreDataClass.swift */,
			);
			path = Model;
			sourceTree = "<group>";
		};
		199B80302BF5448500C2B756 /* Fonts */ = {
			isa = PBXGroup;
			children = (
				199B80322BF544B000C2B756 /* MADEAwelierPERSONALUSE-Bold.otf */,
				199B80342BF544B000C2B756 /* MADEAwelierPERSONALUSE-Medium.otf */,
				199B80352BF544B000C2B756 /* MADEAwelierPERSONALUSE-Regular.otf */,
			);
			path = Fonts;
			sourceTree = "<group>";
		};
		19C0EFF42BF7C4E300B8A92B /* CollectionView */ = {
			isa = PBXGroup;
			children = (
				19C0EFF62BF7C55600B8A92B /* NoteCollectionViewCell.swift */,
				19C0F0022BFD0B0700B8A92B /* NoteCollectionViewDelegate.swift */,
				19C0F0042BFD0B8E00B8A92B /* NoteCollectionViewDataSource.swift */,
			);
			path = CollectionView;
			sourceTree = "<group>";
		};
		19C0EFFA2BF7C7DF00B8A92B /* Support */ = {
			isa = PBXGroup;
			children = (
				199B80112BF3D3F000C2B756 /* Assets.xcassets */,
				199B80302BF5448500C2B756 /* Fonts */,
				199B80132BF3D3F000C2B756 /* LaunchScreen.storyboard */,
			);
			path = Support;
			sourceTree = "<group>";
		};
		19C0EFFD2BF7CC9500B8A92B /* Custom */ = {
			isa = PBXGroup;
			children = (
				19C0EFFB2BF7CC8D00B8A92B /* CapsuleFilterButton.swift */,
				19C0EFFE2BF7D1C600B8A92B /* CircleFilterButton.swift */,
			);
			path = Custom;
			sourceTree = "<group>";
		};
/* End PBXGroup section */

/* Begin PBXNativeTarget section */
		199B80012BF3D3EE00C2B756 /* MC05 */ = {
			isa = PBXNativeTarget;
			buildConfigurationList = 199B80192BF3D3F000C2B756 /* Build configuration list for PBXNativeTarget "MC05" */;
			buildPhases = (
				199B7FFE2BF3D3EE00C2B756 /* Sources */,
				199B7FFF2BF3D3EE00C2B756 /* Frameworks */,
				199B80002BF3D3EE00C2B756 /* Resources */,
			);
			buildRules = (
			);
			dependencies = (
			);
			name = MC05;
			productName = MC05;
			productReference = 199B80022BF3D3EE00C2B756 /* MC05.app */;
			productType = "com.apple.product-type.application";
		};
/* End PBXNativeTarget section */

/* Begin PBXProject section */
		199B7FFA2BF3D3EE00C2B756 /* Project object */ = {
			isa = PBXProject;
			attributes = {
				BuildIndependentTargetsInParallel = 1;
				LastSwiftUpdateCheck = 1530;
				LastUpgradeCheck = 1530;
				TargetAttributes = {
					199B80012BF3D3EE00C2B756 = {
						CreatedOnToolsVersion = 15.3;
					};
				};
			};
			buildConfigurationList = 199B7FFD2BF3D3EE00C2B756 /* Build configuration list for PBXProject "MC05" */;
			compatibilityVersion = "Xcode 14.0";
			developmentRegion = en;
			hasScannedForEncodings = 0;
			knownRegions = (
				en,
				Base,
			);
			mainGroup = 199B7FF92BF3D3EE00C2B756;
			productRefGroup = 199B80032BF3D3EE00C2B756 /* Products */;
			projectDirPath = "";
			projectRoot = "";
			targets = (
				199B80012BF3D3EE00C2B756 /* MC05 */,
			);
		};
/* End PBXProject section */

/* Begin PBXResourcesBuildPhase section */
		199B80002BF3D3EE00C2B756 /* Resources */ = {
			isa = PBXResourcesBuildPhase;
			buildActionMask = 2147483647;
			files = (
				199B803B2BF544B000C2B756 /* MADEAwelierPERSONALUSE-Regular.otf in Resources */,
				199B80122BF3D3F000C2B756 /* Assets.xcassets in Resources */,
				199B80382BF544B000C2B756 /* MADEAwelierPERSONALUSE-Bold.otf in Resources */,
				199B80152BF3D3F000C2B756 /* Base in Resources */,
				199B803A2BF544B000C2B756 /* MADEAwelierPERSONALUSE-Medium.otf in Resources */,
			);
			runOnlyForDeploymentPostprocessing = 0;
		};
/* End PBXResourcesBuildPhase section */

/* Begin PBXSourcesBuildPhase section */
		199B7FFE2BF3D3EE00C2B756 /* Sources */ = {
			isa = PBXSourcesBuildPhase;
			buildActionMask = 2147483647;
			files = (
				199B800A2BF3D3EE00C2B756 /* ViewController.swift in Sources */,
				19C0F0032BFD0B0700B8A92B /* NoteCollectionViewDelegate.swift in Sources */,
				19C0F0052BFD0B8E00B8A92B /* NoteCollectionViewDataSource.swift in Sources */,
				19C0EFF72BF7C55600B8A92B /* NoteCollectionViewCell.swift in Sources */,
				199B80292BF525F800C2B756 /* Note+CoreDataClass.swift in Sources */,
				19C0EFFC2BF7CC8D00B8A92B /* CapsuleFilterButton.swift in Sources */,
				199B80062BF3D3EE00C2B756 /* AppDelegate.swift in Sources */,
				19191BF82BF6A52000494E0B /* NotesViewController.swift in Sources */,
				199B80102BF3D3EE00C2B756 /* MC05.xcdatamodeld in Sources */,
				199B80082BF3D3EE00C2B756 /* SceneDelegate.swift in Sources */,
				19C0EFFF2BF7D1C600B8A92B /* CircleFilterButton.swift in Sources */,
			);
			runOnlyForDeploymentPostprocessing = 0;
		};
/* End PBXSourcesBuildPhase section */

/* Begin PBXVariantGroup section */
		199B80132BF3D3F000C2B756 /* LaunchScreen.storyboard */ = {
			isa = PBXVariantGroup;
			children = (
				199B80142BF3D3F000C2B756 /* Base */,
			);
			name = LaunchScreen.storyboard;
			sourceTree = "<group>";
		};
/* End PBXVariantGroup section */

/* Begin XCBuildConfiguration section */
		199B80172BF3D3F000C2B756 /* Debug */ = {
			isa = XCBuildConfiguration;
			buildSettings = {
				ALWAYS_SEARCH_USER_PATHS = NO;
				ASSETCATALOG_COMPILER_GENERATE_SWIFT_ASSET_SYMBOL_EXTENSIONS = YES;
				CLANG_ANALYZER_NONNULL = YES;
				CLANG_ANALYZER_NUMBER_OBJECT_CONVERSION = YES_AGGRESSIVE;
				CLANG_CXX_LANGUAGE_STANDARD = "gnu++20";
				CLANG_ENABLE_MODULES = YES;
				CLANG_ENABLE_OBJC_ARC = YES;
				CLANG_ENABLE_OBJC_WEAK = YES;
				CLANG_WARN_BLOCK_CAPTURE_AUTORELEASING = YES;
				CLANG_WARN_BOOL_CONVERSION = YES;
				CLANG_WARN_COMMA = YES;
				CLANG_WARN_CONSTANT_CONVERSION = YES;
				CLANG_WARN_DEPRECATED_OBJC_IMPLEMENTATIONS = YES;
				CLANG_WARN_DIRECT_OBJC_ISA_USAGE = YES_ERROR;
				CLANG_WARN_DOCUMENTATION_COMMENTS = YES;
				CLANG_WARN_EMPTY_BODY = YES;
				CLANG_WARN_ENUM_CONVERSION = YES;
				CLANG_WARN_INFINITE_RECURSION = YES;
				CLANG_WARN_INT_CONVERSION = YES;
				CLANG_WARN_NON_LITERAL_NULL_CONVERSION = YES;
				CLANG_WARN_OBJC_IMPLICIT_RETAIN_SELF = YES;
				CLANG_WARN_OBJC_LITERAL_CONVERSION = YES;
				CLANG_WARN_OBJC_ROOT_CLASS = YES_ERROR;
				CLANG_WARN_QUOTED_INCLUDE_IN_FRAMEWORK_HEADER = YES;
				CLANG_WARN_RANGE_LOOP_ANALYSIS = YES;
				CLANG_WARN_STRICT_PROTOTYPES = YES;
				CLANG_WARN_SUSPICIOUS_MOVE = YES;
				CLANG_WARN_UNGUARDED_AVAILABILITY = YES_AGGRESSIVE;
				CLANG_WARN_UNREACHABLE_CODE = YES;
				CLANG_WARN__DUPLICATE_METHOD_MATCH = YES;
				COPY_PHASE_STRIP = NO;
				DEBUG_INFORMATION_FORMAT = dwarf;
				ENABLE_STRICT_OBJC_MSGSEND = YES;
				ENABLE_TESTABILITY = YES;
				ENABLE_USER_SCRIPT_SANDBOXING = YES;
				GCC_C_LANGUAGE_STANDARD = gnu17;
				GCC_DYNAMIC_NO_PIC = NO;
				GCC_NO_COMMON_BLOCKS = YES;
				GCC_OPTIMIZATION_LEVEL = 0;
				GCC_PREPROCESSOR_DEFINITIONS = (
					"DEBUG=1",
					"$(inherited)",
				);
				GCC_WARN_64_TO_32_BIT_CONVERSION = YES;
				GCC_WARN_ABOUT_RETURN_TYPE = YES_ERROR;
				GCC_WARN_UNDECLARED_SELECTOR = YES;
				GCC_WARN_UNINITIALIZED_AUTOS = YES_AGGRESSIVE;
				GCC_WARN_UNUSED_FUNCTION = YES;
				GCC_WARN_UNUSED_VARIABLE = YES;
				IPHONEOS_DEPLOYMENT_TARGET = 17.4;
				LOCALIZATION_PREFERS_STRING_CATALOGS = YES;
				MTL_ENABLE_DEBUG_INFO = INCLUDE_SOURCE;
				MTL_FAST_MATH = YES;
				ONLY_ACTIVE_ARCH = YES;
				SDKROOT = iphoneos;
				SWIFT_ACTIVE_COMPILATION_CONDITIONS = "DEBUG $(inherited)";
				SWIFT_OPTIMIZATION_LEVEL = "-Onone";
			};
			name = Debug;
		};
		199B80182BF3D3F000C2B756 /* Release */ = {
			isa = XCBuildConfiguration;
			buildSettings = {
				ALWAYS_SEARCH_USER_PATHS = NO;
				ASSETCATALOG_COMPILER_GENERATE_SWIFT_ASSET_SYMBOL_EXTENSIONS = YES;
				CLANG_ANALYZER_NONNULL = YES;
				CLANG_ANALYZER_NUMBER_OBJECT_CONVERSION = YES_AGGRESSIVE;
				CLANG_CXX_LANGUAGE_STANDARD = "gnu++20";
				CLANG_ENABLE_MODULES = YES;
				CLANG_ENABLE_OBJC_ARC = YES;
				CLANG_ENABLE_OBJC_WEAK = YES;
				CLANG_WARN_BLOCK_CAPTURE_AUTORELEASING = YES;
				CLANG_WARN_BOOL_CONVERSION = YES;
				CLANG_WARN_COMMA = YES;
				CLANG_WARN_CONSTANT_CONVERSION = YES;
				CLANG_WARN_DEPRECATED_OBJC_IMPLEMENTATIONS = YES;
				CLANG_WARN_DIRECT_OBJC_ISA_USAGE = YES_ERROR;
				CLANG_WARN_DOCUMENTATION_COMMENTS = YES;
				CLANG_WARN_EMPTY_BODY = YES;
				CLANG_WARN_ENUM_CONVERSION = YES;
				CLANG_WARN_INFINITE_RECURSION = YES;
				CLANG_WARN_INT_CONVERSION = YES;
				CLANG_WARN_NON_LITERAL_NULL_CONVERSION = YES;
				CLANG_WARN_OBJC_IMPLICIT_RETAIN_SELF = YES;
				CLANG_WARN_OBJC_LITERAL_CONVERSION = YES;
				CLANG_WARN_OBJC_ROOT_CLASS = YES_ERROR;
				CLANG_WARN_QUOTED_INCLUDE_IN_FRAMEWORK_HEADER = YES;
				CLANG_WARN_RANGE_LOOP_ANALYSIS = YES;
				CLANG_WARN_STRICT_PROTOTYPES = YES;
				CLANG_WARN_SUSPICIOUS_MOVE = YES;
				CLANG_WARN_UNGUARDED_AVAILABILITY = YES_AGGRESSIVE;
				CLANG_WARN_UNREACHABLE_CODE = YES;
				CLANG_WARN__DUPLICATE_METHOD_MATCH = YES;
				COPY_PHASE_STRIP = NO;
				DEBUG_INFORMATION_FORMAT = "dwarf-with-dsym";
				ENABLE_NS_ASSERTIONS = NO;
				ENABLE_STRICT_OBJC_MSGSEND = YES;
				ENABLE_USER_SCRIPT_SANDBOXING = YES;
				GCC_C_LANGUAGE_STANDARD = gnu17;
				GCC_NO_COMMON_BLOCKS = YES;
				GCC_WARN_64_TO_32_BIT_CONVERSION = YES;
				GCC_WARN_ABOUT_RETURN_TYPE = YES_ERROR;
				GCC_WARN_UNDECLARED_SELECTOR = YES;
				GCC_WARN_UNINITIALIZED_AUTOS = YES_AGGRESSIVE;
				GCC_WARN_UNUSED_FUNCTION = YES;
				GCC_WARN_UNUSED_VARIABLE = YES;
				IPHONEOS_DEPLOYMENT_TARGET = 17.4;
				LOCALIZATION_PREFERS_STRING_CATALOGS = YES;
				MTL_ENABLE_DEBUG_INFO = NO;
				MTL_FAST_MATH = YES;
				SDKROOT = iphoneos;
				SWIFT_COMPILATION_MODE = wholemodule;
				VALIDATE_PRODUCT = YES;
			};
			name = Release;
		};
		199B801A2BF3D3F000C2B756 /* Debug */ = {
			isa = XCBuildConfiguration;
			buildSettings = {
				ASSETCATALOG_COMPILER_APPICON_NAME = AppIcon;
				ASSETCATALOG_COMPILER_GLOBAL_ACCENT_COLOR_NAME = AccentColor;
				CODE_SIGN_STYLE = Automatic;
				CURRENT_PROJECT_VERSION = 1;
				DEVELOPMENT_TEAM = 8LW8TUQS66;
				GENERATE_INFOPLIST_FILE = YES;
				INFOPLIST_FILE = MC05/Info.plist;
				INFOPLIST_KEY_UIApplicationSupportsIndirectInputEvents = YES;
				INFOPLIST_KEY_UILaunchStoryboardName = LaunchScreen;
				INFOPLIST_KEY_UISupportedInterfaceOrientations = UIInterfaceOrientationPortrait;
				INFOPLIST_KEY_UISupportedInterfaceOrientations_iPad = "UIInterfaceOrientationLandscapeLeft UIInterfaceOrientationLandscapeRight UIInterfaceOrientationPortrait UIInterfaceOrientationPortraitUpsideDown";
				LD_RUNPATH_SEARCH_PATHS = (
					"$(inherited)",
					"@executable_path/Frameworks",
				);
				MARKETING_VERSION = 1.0;
				PRODUCT_BUNDLE_IDENTIFIER = laura.projects.MC05;
				PRODUCT_NAME = "$(TARGET_NAME)";
				SUPPORTED_PLATFORMS = "iphoneos iphonesimulator";
				SUPPORTS_MACCATALYST = NO;
				SUPPORTS_MAC_DESIGNED_FOR_IPHONE_IPAD = NO;
				SUPPORTS_XR_DESIGNED_FOR_IPHONE_IPAD = NO;
				SWIFT_EMIT_LOC_STRINGS = YES;
				SWIFT_VERSION = 5.0;
				TARGETED_DEVICE_FAMILY = 1;
			};
			name = Debug;
		};
		199B801B2BF3D3F000C2B756 /* Release */ = {
			isa = XCBuildConfiguration;
			buildSettings = {
				ASSETCATALOG_COMPILER_APPICON_NAME = AppIcon;
				ASSETCATALOG_COMPILER_GLOBAL_ACCENT_COLOR_NAME = AccentColor;
				CODE_SIGN_STYLE = Automatic;
				CURRENT_PROJECT_VERSION = 1;
				DEVELOPMENT_TEAM = 8LW8TUQS66;
				GENERATE_INFOPLIST_FILE = YES;
				INFOPLIST_FILE = MC05/Info.plist;
				INFOPLIST_KEY_UIApplicationSupportsIndirectInputEvents = YES;
				INFOPLIST_KEY_UILaunchStoryboardName = LaunchScreen;
				INFOPLIST_KEY_UISupportedInterfaceOrientations = UIInterfaceOrientationPortrait;
				INFOPLIST_KEY_UISupportedInterfaceOrientations_iPad = "UIInterfaceOrientationLandscapeLeft UIInterfaceOrientationLandscapeRight UIInterfaceOrientationPortrait UIInterfaceOrientationPortraitUpsideDown";
				LD_RUNPATH_SEARCH_PATHS = (
					"$(inherited)",
					"@executable_path/Frameworks",
				);
				MARKETING_VERSION = 1.0;
				PRODUCT_BUNDLE_IDENTIFIER = laura.projects.MC05;
				PRODUCT_NAME = "$(TARGET_NAME)";
				SUPPORTED_PLATFORMS = "iphoneos iphonesimulator";
				SUPPORTS_MACCATALYST = NO;
				SUPPORTS_MAC_DESIGNED_FOR_IPHONE_IPAD = NO;
				SUPPORTS_XR_DESIGNED_FOR_IPHONE_IPAD = NO;
				SWIFT_EMIT_LOC_STRINGS = YES;
				SWIFT_VERSION = 5.0;
				TARGETED_DEVICE_FAMILY = 1;
			};
			name = Release;
		};
/* End XCBuildConfiguration section */

/* Begin XCConfigurationList section */
		199B7FFD2BF3D3EE00C2B756 /* Build configuration list for PBXProject "MC05" */ = {
			isa = XCConfigurationList;
			buildConfigurations = (
				199B80172BF3D3F000C2B756 /* Debug */,
				199B80182BF3D3F000C2B756 /* Release */,
			);
			defaultConfigurationIsVisible = 0;
			defaultConfigurationName = Release;
		};
		199B80192BF3D3F000C2B756 /* Build configuration list for PBXNativeTarget "MC05" */ = {
			isa = XCConfigurationList;
			buildConfigurations = (
				199B801A2BF3D3F000C2B756 /* Debug */,
				199B801B2BF3D3F000C2B756 /* Release */,
			);
			defaultConfigurationIsVisible = 0;
			defaultConfigurationName = Release;
		};
/* End XCConfigurationList section */

/* Begin XCVersionGroup section */
		199B800E2BF3D3EE00C2B756 /* MC05.xcdatamodeld */ = {
			isa = XCVersionGroup;
			children = (
				199B800F2BF3D3EE00C2B756 /* MC05.xcdatamodel */,
			);
			currentVersion = 199B800F2BF3D3EE00C2B756 /* MC05.xcdatamodel */;
			path = MC05.xcdatamodeld;
			sourceTree = "<group>";
			versionGroupType = wrapper.xcdatamodel;
		};
/* End XCVersionGroup section */
	};
	rootObject = 199B7FFA2BF3D3EE00C2B756 /* Project object */;
}
